
Microsoft Visual Studio Solution File, Format Version 12.00
# Visual Studio Version 17
VisualStudioVersion = 17.8.34511.84
MinimumVisualStudioVersion = 10.0.40219.1
Project("{FAE04EC0-301F-11D3-BF4B-00C04F79EFBC}") = "part2C#", "part2C#.csproj", "{BDC77109-6D9F-495B-B5FF-B27C5A37FA78}"
EndProject
Global
	GlobalSection(SolutionConfigurationPlatforms) = preSolution
		Debug|Any CPU = Debug|Any CPU
		Release|Any CPU = Release|Any CPU
	EndGlobalSection
	GlobalSection(ProjectConfigurationPlatforms) = postSolution
		{BDC77109-6D9F-495B-B5FF-B27C5A37FA78}.Debug|Any CPU.ActiveCfg = Debug|Any CPU
		{BDC77109-6D9F-495B-B5FF-B27C5A37FA78}.Debug|Any CPU.Build.0 = Debug|Any CPU
		{BDC77109-6D9F-495B-B5FF-B27C5A37FA78}.Release|Any CPU.ActiveCfg = Release|Any CPU
		{BDC77109-6D9F-495B-B5FF-B27C5A37FA78}.Release|Any CPU.Build.0 = Release|Any CPU
	EndGlobalSection
	GlobalSection(SolutionProperties) = preSolution
		HideSolutionNode = FALSE
	EndGlobalSection
	GlobalSection(ExtensibilityGlobals) = postSolution
		SolutionGuid = {FE1A8EB5-8B4D-484F-A648-D79A60B06F80}
	EndGlobalSection
EndGlobal
